
Microsoft Visual Studio Solution File, Format Version 12.00
# Visual Studio 2012
Project("{FAE04EC0-301F-11D3-BF4B-00C04F79EFBC}") = "BiggWhaleWebAppDemo", "BiggWhaleWebAppDemo\BiggWhaleWebAppDemo.csproj", "{3038F113-A4CF-495A-A24E-B8603751C08D}"
EndProject
Global
	GlobalSection(SolutionConfigurationPlatforms) = preSolution
		Debug|Any CPU = Debug|Any CPU
		Release|Any CPU = Release|Any CPU
	EndGlobalSection
	GlobalSection(ProjectConfigurationPlatforms) = postSolution
		{3038F113-A4CF-495A-A24E-B8603751C08D}.Debug|Any CPU.ActiveCfg = Debug|Any CPU
		{3038F113-A4CF-495A-A24E-B8603751C08D}.Debug|Any CPU.Build.0 = Debug|Any CPU
		{3038F113-A4CF-495A-A24E-B8603751C08D}.Release|Any CPU.ActiveCfg = Release|Any CPU
		{3038F113-A4CF-495A-A24E-B8603751C08D}.Release|Any CPU.Build.0 = Release|Any CPU
	EndGlobalSection
	GlobalSection(SolutionProperties) = preSolution
		HideSolutionNode = FALSE
	EndGlobalSection
EndGlobal
